{
  "lockfileVersion": 1,
  "workspaces": {
    "": {
      "name": "libsignal",
      "dependencies": {
        "@stablelib/ed25519": "^2.0.2",
        "@stablelib/random": "^2.0.1",
        "@stablelib/x25519": "^2.0.1",
        "protobufjs": "6.8.8",
      },
    },
  },
  "packages": {
    "@protobufjs/aspromise": ["@protobufjs/aspromise@1.1.2", "", {}, "sha512-j+gKExEuLmKwvz3OgROXtrJ2UG2x8Ch2YZUxahh+s1F2HZ+wAceUNLkvy6zKCPVRkU++ZWQrdxsUeQXmcg4uoQ=="],

    "@protobufjs/base64": ["@protobufjs/base64@1.1.2", "", {}, "sha512-AZkcAA5vnN/v4PDqKyMR5lx7hZttPDgClv83E//FMNhR2TMcLUhfRUBHCmSl0oi9zMgDDqRUJkSxO3wm85+XLg=="],

    "@protobufjs/codegen": ["@protobufjs/codegen@2.0.4", "", {}, "sha512-YyFaikqM5sH0ziFZCN3xDC7zeGaB/d0IUb9CATugHWbd1FRFwWwt4ld4OYMPWu5a3Xe01mGAULCdqhMlPl29Jg=="],

    "@protobufjs/eventemitter": ["@protobufjs/eventemitter@1.1.0", "", {}, "sha512-j9ednRT81vYJ9OfVuXG6ERSTdEL1xVsNgqpkxMsbIabzSo3goCjDIveeGv5d03om39ML71RdmrGNjG5SReBP/Q=="],

    "@protobufjs/fetch": ["@protobufjs/fetch@1.1.0", "", { "dependencies": { "@protobufjs/aspromise": "^1.1.1", "@protobufjs/inquire": "^1.1.0" } }, "sha512-lljVXpqXebpsijW71PZaCYeIcE5on1w5DlQy5WH6GLbFryLUrBD4932W/E2BSpfRJWseIL4v/KPgBFxDOIdKpQ=="],

    "@protobufjs/float": ["@protobufjs/float@1.0.2", "", {}, "sha512-Ddb+kVXlXst9d+R9PfTIxh1EdNkgoRe5tOX6t01f1lYWOvJnSPDBlG241QLzcyPdoNTsblLUdujGSE4RzrTZGQ=="],

    "@protobufjs/inquire": ["@protobufjs/inquire@1.1.0", "", {}, "sha512-kdSefcPdruJiFMVSbn801t4vFK7KB/5gd2fYvrxhuJYg8ILrmn9SKSX2tZdV6V+ksulWqS7aXjBcRXl3wHoD9Q=="],

    "@protobufjs/path": ["@protobufjs/path@1.1.2", "", {}, "sha512-6JOcJ5Tm08dOHAbdR3GrvP+yUUfkjG5ePsHYczMFLq3ZmMkAD98cDgcT2iA1lJ9NVwFd4tH/iSSoe44YWkltEA=="],

    "@protobufjs/pool": ["@protobufjs/pool@1.1.0", "", {}, "sha512-0kELaGSIDBKvcgS4zkjz1PeddatrjYcmMWOlAuAPwAeccUrPHdUqo/J6LiymHHEiJT5NrF1UVwxY14f+fy4WQw=="],

    "@protobufjs/utf8": ["@protobufjs/utf8@1.1.0", "", {}, "sha512-Vvn3zZrhQZkkBE8LSuW3em98c0FwgO4nxzv6OdSxPKJIEKY2bGbHn+mhGIPerzI4twdxaP8/0+06HBpwf345Lw=="],

    "@stablelib/binary": ["@stablelib/binary@2.0.1", "", { "dependencies": { "@stablelib/int": "^2.0.1" } }, "sha512-U9iAO8lXgEDONsA0zPPSgcf3HUBNAqHiJmSHgZz62OvC3Hi2Bhc5kTnQ3S1/L+sthDTHtCMhcEiklmIly6uQ3w=="],

    "@stablelib/bytes": ["@stablelib/bytes@2.0.1", "", {}, "sha512-QIzI6V7nkJA5CjOZ7GoceBd4CIKrJoC471VaI6jh1xPQ2cMhkhQK4HddyzCXOR2y+fBF3/5B2HO3FXXI9C+Xzg=="],

    "@stablelib/ed25519": ["@stablelib/ed25519@2.0.2", "", { "dependencies": { "@stablelib/random": "^2.0.1", "@stablelib/sha512": "^2.0.1", "@stablelib/wipe": "^2.0.1" } }, "sha512-d/lJ5sgzhtmpMIbKFWfev+i6WebBdIzzBpMzXtZdvUijoksjXosYFNqytoMj7cRshNj+/XTLYnnVMdZfd+penw=="],

    "@stablelib/hash": ["@stablelib/hash@2.0.0", "", {}, "sha512-u3WPSqGido8lwJuMcrBgM5K54LrPGhkWAdtsyccf7dGsLixAZUds77zOAbu7bvKPwQlmoByH0txBi5rTmEKuHg=="],

    "@stablelib/int": ["@stablelib/int@2.0.1", "", {}, "sha512-Ht63fQp3wz/F8U4AlXEPb7hfJOIILs8Lq55jgtD7KueWtyjhVuzcsGLSTAWtZs3XJDZYdF1WcSKn+kBtbzupww=="],

    "@stablelib/keyagreement": ["@stablelib/keyagreement@2.0.1", "", { "dependencies": { "@stablelib/bytes": "^2.0.1" } }, "sha512-2+tWBLCMtWlHQ7GqjD5L+lQRyWtun4Lou0IOdTML8zuTuAS0EgihnHFx+4uMZwYU1In40J/WlpyKSLidHfStRQ=="],

    "@stablelib/random": ["@stablelib/random@2.0.1", "", { "dependencies": { "@stablelib/binary": "^2.0.1", "@stablelib/wipe": "^2.0.1" } }, "sha512-W6GAtXEEs7r+dSbuBsvoFmlyL3gLxle41tQkjKu17dDWtDdjhVUbtRfRCQcCUeczwkgjQxMPopgwYEvxXtHXGw=="],

    "@stablelib/sha512": ["@stablelib/sha512@2.0.1", "", { "dependencies": { "@stablelib/binary": "^2.0.1", "@stablelib/hash": "^2.0.0", "@stablelib/wipe": "^2.0.1" } }, "sha512-DUNe5cbnoH3sSIN+MG04RvTCLXtkbyy/SnQxiNO+GgF/KSXkkUSlF6mUVvCUdZBZ2X3NgogR+tAvaRSn8wxnLw=="],

    "@stablelib/wipe": ["@stablelib/wipe@2.0.1", "", {}, "sha512-1eU2K9EgOcV4qc9jcP6G72xxZxEm5PfeI5H55l08W95b4oRJaqhmlWRc4xZAm6IVSKhVNxMi66V67hCzzuMTAg=="],

    "@stablelib/x25519": ["@stablelib/x25519@2.0.1", "", { "dependencies": { "@stablelib/keyagreement": "^2.0.1", "@stablelib/random": "^2.0.1", "@stablelib/wipe": "^2.0.1" } }, "sha512-qi04HS2puHaBf50kM/kes5QcZFGsx8yF0YmCjLCOa/LPmnBaKEKX9ZR82OnnCwMn72YH13R/bBZgr/UP0aPFfA=="],

    "@types/long": ["@types/long@4.0.2", "", {}, "sha512-MqTGEo5bj5t157U6fA/BiDynNkn0YknVdh48CMPkTSpFTVmvao5UQmm7uEF6xBEo7qIMAlY/JSleYaE6VOdpaA=="],

    "@types/node": ["@types/node@10.17.60", "", {}, "sha512-F0KIgDJfy2nA3zMLmWGKxcH2ZVEtCZXHHdOQs2gSaQ27+lNeEfGxzkIw90aXswATX7AZ33tahPbzy6KAfUreVw=="],

    "long": ["long@4.0.0", "", {}, "sha512-XsP+KhQif4bjX1kbuSiySJFNAehNxgLb6hPRGJ9QsUr8ajHkuXGdrHmFUTUUXhDwVX2R5bY4JNZEwbUiMhV+MA=="],

    "protobufjs": ["protobufjs@6.8.8", "", { "dependencies": { "@protobufjs/aspromise": "^1.1.2", "@protobufjs/base64": "^1.1.2", "@protobufjs/codegen": "^2.0.4", "@protobufjs/eventemitter": "^1.1.0", "@protobufjs/fetch": "^1.1.0", "@protobufjs/float": "^1.0.2", "@protobufjs/inquire": "^1.1.0", "@protobufjs/path": "^1.1.2", "@protobufjs/pool": "^1.1.0", "@protobufjs/utf8": "^1.1.0", "@types/long": "^4.0.0", "@types/node": "^10.1.0", "long": "^4.0.0" }, "bin": { "pbjs": "bin/pbjs", "pbts": "bin/pbts" } }, "sha512-AAmHtD5pXgZfi7GMpllpO3q1Xw1OYldr+dMUlAnffGTAhqkg72WdmSY71uKBF/JuyiKs8psYbtKrhi0ASCD8qw=="],
  }
}
